// !$*UTF8*$!
{
	archiveVersion = 1;
	classes = {
	};
	objectVersion = 46;
	objects = {

/* Begin PBXBuildFile section */
		9B05AAD01C0FFC48002345A0 /* AppDelegate.swift in Sources */ = {isa = PBXBuildFile; fileRef = 9B05AACF1C0FFC48002345A0 /* AppDelegate.swift */; };
		9B05AAD21C0FFC48002345A0 /* ViewController.swift in Sources */ = {isa = PBXBuildFile; fileRef = 9B05AAD11C0FFC48002345A0 /* ViewController.swift */; };
		9B05AAD51C0FFC49002345A0 /* Main.storyboard in Resources */ = {isa = PBXBuildFile; fileRef = 9B05AAD31C0FFC49002345A0 /* Main.storyboard */; };
		9B05AAD71C0FFC49002345A0 /* Assets.xcassets in Resources */ = {isa = PBXBuildFile; fileRef = 9B05AAD61C0FFC49002345A0 /* Assets.xcassets */; };
		9B05AADA1C0FFC49002345A0 /* LaunchScreen.storyboard in Resources */ = {isa = PBXBuildFile; fileRef = 9B05AAD81C0FFC49002345A0 /* LaunchScreen.storyboard */; };
		9B83C4561C3F39FB008DC678 /* MyTableViewController.swift in Sources */ = {isa = PBXBuildFile; fileRef = 9B83C4551C3F39FB008DC678 /* MyTableViewController.swift */; };
		9B83C4581C3F3C15008DC678 /* MyMapViewController.swift in Sources */ = {isa = PBXBuildFile; fileRef = 9B83C4571C3F3C15008DC678 /* MyMapViewController.swift */; };
		9BB38FD91C12145500379914 /* MapViewController.swift in Sources */ = {isa = PBXBuildFile; fileRef = 9BB38FD81C12145500379914 /* MapViewController.swift */; };
/* End PBXBuildFile section */

/* Begin PBXFileReference section */
		9B05AACC1C0FFC48002345A0 /* On The Map.app */ = {isa = PBXFileReference; explicitFileType = wrapper.application; includeInIndex = 0; path = "On The Map.app"; sourceTree = BUILT_PRODUCTS_DIR; };
		9B05AACF1C0FFC48002345A0 /* AppDelegate.swift */ = {isa = PBXFileReference; lastKnownFileType = sourcecode.swift; path = AppDelegate.swift; sourceTree = "<group>"; };
		9B05AAD11C0FFC48002345A0 /* ViewController.swift */ = {isa = PBXFileReference; lastKnownFileType = sourcecode.swift; path = ViewController.swift; sourceTree = "<group>"; };
		9B05AAD41C0FFC49002345A0 /* Base */ = {isa = PBXFileReference; lastKnownFileType = file.storyboard; name = Base; path = Base.lproj/Main.storyboard; sourceTree = "<group>"; };
		9B05AAD61C0FFC49002345A0 /* Assets.xcassets */ = {isa = PBXFileReference; lastKnownFileType = folder.assetcatalog; path = Assets.xcassets; sourceTree = "<group>"; };
		9B05AAD91C0FFC49002345A0 /* Base */ = {isa = PBXFileReference; lastKnownFileType = file.storyboard; name = Base; path = Base.lproj/LaunchScreen.storyboard; sourceTree = "<group>"; };
		9B05AADB1C0FFC49002345A0 /* Info.plist */ = {isa = PBXFileReference; lastKnownFileType = text.plist.xml; path = Info.plist; sourceTree = "<group>"; };
		9B83C4551C3F39FB008DC678 /* MyTableViewController.swift */ = {isa = PBXFileReference; fileEncoding = 4; lastKnownFileType = sourcecode.swift; path = MyTableViewController.swift; sourceTree = "<group>"; };
		9B83C4571C3F3C15008DC678 /* MyMapViewController.swift */ = {isa = PBXFileReference; fileEncoding = 4; lastKnownFileType = sourcecode.swift; path = MyMapViewController.swift; sourceTree = "<group>"; };
		9BB38FD81C12145500379914 /* MapViewController.swift */ = {isa = PBXFileReference; fileEncoding = 4; lastKnownFileType = sourcecode.swift; path = MapViewController.swift; sourceTree = "<group>"; };
/* End PBXFileReference section */

/* Begin PBXFrameworksBuildPhase section */
		9B05AAC91C0FFC48002345A0 /* Frameworks */ = {
			isa = PBXFrameworksBuildPhase;
			buildActionMask = 2147483647;
			files = (
			);
			runOnlyForDeploymentPostprocessing = 0;
		};
/* End PBXFrameworksBuildPhase section */

/* Begin PBXGroup section */
		9B05AAC31C0FFC48002345A0 = {
			isa = PBXGroup;
			children = (
				9B05AACE1C0FFC48002345A0 /* On The Map */,
				9B05AACD1C0FFC48002345A0 /* Products */,
			);
			sourceTree = "<group>";
		};
		9B05AACD1C0FFC48002345A0 /* Products */ = {
			isa = PBXGroup;
			children = (
				9B05AACC1C0FFC48002345A0 /* On The Map.app */,
			);
			name = Products;
			sourceTree = "<group>";
		};
		9B05AACE1C0FFC48002345A0 /* On The Map */ = {
			isa = PBXGroup;
			children = (
				9B05AACF1C0FFC48002345A0 /* AppDelegate.swift */,
				9B05AAD11C0FFC48002345A0 /* ViewController.swift */,
				9B05AAD31C0FFC49002345A0 /* Main.storyboard */,
				9B83C4571C3F3C15008DC678 /* MyMapViewController.swift */,
				9B83C4551C3F39FB008DC678 /* MyTableViewController.swift */,
				9BB38FD81C12145500379914 /* MapViewController.swift */,
				9B05AAD61C0FFC49002345A0 /* Assets.xcassets */,
				9B05AAD81C0FFC49002345A0 /* LaunchScreen.storyboard */,
				9B05AADB1C0FFC49002345A0 /* Info.plist */,
			);
			path = "On The Map";
			sourceTree = "<group>";
		};
/* End PBXGroup section */

/* Begin PBXNativeTarget section */
		9B05AACB1C0FFC48002345A0 /* On The Map */ = {
			isa = PBXNativeTarget;
			buildConfigurationList = 9B05AADE1C0FFC49002345A0 /* Build configuration list for PBXNativeTarget "On The Map" */;
			buildPhases = (
				9B05AAC81C0FFC48002345A0 /* Sources */,
				9B05AAC91C0FFC48002345A0 /* Frameworks */,
				9B05AACA1C0FFC48002345A0 /* Resources */,
			);
			buildRules = (
			);
			dependencies = (
			);
			name = "On The Map";
			productName = "On The Map";
			productReference = 9B05AACC1C0FFC48002345A0 /* On The Map.app */;
			productType = "com.apple.product-type.application";
		};
/* End PBXNativeTarget section */

/* Begin PBXProject section */
		9B05AAC41C0FFC48002345A0 /* Project object */ = {
			isa = PBXProject;
			attributes = {
				LastSwiftUpdateCheck = 0710;
				LastUpgradeCheck = 0710;
				ORGANIZATIONNAME = "ROHIT GUPTA";
				TargetAttributes = {
					9B05AACB1C0FFC48002345A0 = {
						CreatedOnToolsVersion = 7.1.1;
					};
				};
			};
			buildConfigurationList = 9B05AAC71C0FFC48002345A0 /* Build configuration list for PBXProject "On The Map" */;
			compatibilityVersion = "Xcode 3.2";
			developmentRegion = English;
			hasScannedForEncodings = 0;
			knownRegions = (
				en,
				Base,
			);
			mainGroup = 9B05AAC31C0FFC48002345A0;
			productRefGroup = 9B05AACD1C0FFC48002345A0 /* Products */;
			projectDirPath = "";
			projectRoot = "";
			targets = (
				9B05AACB1C0FFC48002345A0 /* On The Map */,
			);
		};
/* End PBXProject section */

/* Begin PBXResourcesBuildPhase section */
		9B05AACA1C0FFC48002345A0 /* Resources */ = {
			isa = PBXResourcesBuildPhase;
			buildActionMask = 2147483647;
			files = (
				9B05AADA1C0FFC49002345A0 /* LaunchScreen.storyboard in Resources */,
				9B05AAD71C0FFC49002345A0 /* Assets.xcassets in Resources */,
				9B05AAD51C0FFC49002345A0 /* Main.storyboard in Resources */,
			);
			runOnlyForDeploymentPostprocessing = 0;
		};
/* End PBXResourcesBuildPhase section */

/* Begin PBXSourcesBuildPhase section */
		9B05AAC81C0FFC48002345A0 /* Sources */ = {
			isa = PBXSourcesBuildPhase;
			buildActionMask = 2147483647;
			files = (
				9B05AAD21C0FFC48002345A0 /* ViewController.swift in Sources */,
				9BB38FD91C12145500379914 /* MapViewController.swift in Sources */,
				9B05AAD01C0FFC48002345A0 /* AppDelegate.swift in Sources */,
				9B83C4581C3F3C15008DC678 /* MyMapViewController.swift in Sources */,
				9B83C4561C3F39FB008DC678 /* MyTableViewController.swift in Sources */,
			);
			runOnlyForDeploymentPostprocessing = 0;
		};
/* End PBXSourcesBuildPhase section */

/* Begin PBXVariantGroup section */
		9B05AAD31C0FFC49002345A0 /* Main.storyboard */ = {
			isa = PBXVariantGroup;
			children = (
				9B05AAD41C0FFC49002345A0 /* Base */,
			);
			name = Main.storyboard;
			sourceTree = "<group>";
		};
		9B05AAD81C0FFC49002345A0 /* LaunchScreen.storyboard */ = {
			isa = PBXVariantGroup;
			children = (
				9B05AAD91C0FFC49002345A0 /* Base */,
			);
			name = LaunchScreen.storyboard;
			sourceTree = "<group>";
		};
/* End PBXVariantGroup section */

/* Begin XCBuildConfiguration section */
		9B05AADC1C0FFC49002345A0 /* Debug */ = {
			isa = XCBuildConfiguration;
			buildSettings = {
				ALWAYS_SEARCH_USER_PATHS = NO;
				CLANG_CXX_LANGUAGE_STANDARD = "gnu++0x";
				CLANG_CXX_LIBRARY = "libc++";
				CLANG_ENABLE_MODULES = YES;
				CLANG_ENABLE_OBJC_ARC = YES;
				CLANG_WARN_BOOL_CONVERSION = YES;
				CLANG_WARN_CONSTANT_CONVERSION = YES;
				CLANG_WARN_DIRECT_OBJC_ISA_USAGE = YES_ERROR;
				CLANG_WARN_EMPTY_BODY = YES;
				CLANG_WARN_ENUM_CONVERSION = YES;
				CLANG_WARN_INT_CONVERSION = YES;
				CLANG_WARN_OBJC_ROOT_CLASS = YES_ERROR;
				CLANG_WARN_UNREACHABLE_CODE = YES;
				CLANG_WARN__DUPLICATE_METHOD_MATCH = YES;
				"CODE_SIGN_IDENTITY[sdk=iphoneos*]" = "iPhone Developer";
				COPY_PHASE_STRIP = NO;
				DEBUG_INFORMATION_FORMAT = dwarf;
				ENABLE_STRICT_OBJC_MSGSEND = YES;
				ENABLE_TESTABILITY = YES;
				GCC_C_LANGUAGE_STANDARD = gnu99;
				GCC_DYNAMIC_NO_PIC = NO;
				GCC_NO_COMMON_BLOCKS = YES;
				GCC_OPTIMIZATION_LEVEL = 0;
				GCC_PREPROCESSOR_DEFINITIONS = (
					"DEBUG=1",
					"$(inherited)",
				);
				GCC_WARN_64_TO_32_BIT_CONVERSION = YES;
				GCC_WARN_ABOUT_RETURN_TYPE = YES_ERROR;
				GCC_WARN_UNDECLARED_SELECTOR = YES;
				GCC_WARN_UNINITIALIZED_AUTOS = YES_AGGRESSIVE;
				GCC_WARN_UNUSED_FUNCTION = YES;
				GCC_WARN_UNUSED_VARIABLE = YES;
				IPHONEOS_DEPLOYMENT_TARGET = 9.1;
				MTL_ENABLE_DEBUG_INFO = YES;
				ONLY_ACTIVE_ARCH = YES;
				SDKROOT = iphoneos;
				SWIFT_OPTIMIZATION_LEVEL = "-Onone";
			};
			name = Debug;
		};
		9B05AADD1C0FFC49002345A0 /* Release */ = {
			isa = XCBuildConfiguration;
			buildSettings = {
				ALWAYS_SEARCH_USER_PATHS = NO;
				CLANG_CXX_LANGUAGE_STANDARD = "gnu++0x";
				CLANG_CXX_LIBRARY = "libc++";
				CLANG_ENABLE_MODULES = YES;
				CLANG_ENABLE_OBJC_ARC = YES;
				CLANG_WARN_BOOL_CONVERSION = YES;
				CLANG_WARN_CONSTANT_CONVERSION = YES;
				CLANG_WARN_DIRECT_OBJC_ISA_USAGE = YES_ERROR;
				CLANG_WARN_EMPTY_BODY = YES;
				CLANG_WARN_ENUM_CONVERSION = YES;
				CLANG_WARN_INT_CONVERSION = YES;
				CLANG_WARN_OBJC_ROOT_CLASS = YES_ERROR;
				CLANG_WARN_UNREACHABLE_CODE = YES;
				CLANG_WARN__DUPLICATE_METHOD_MATCH = YES;
				"CODE_SIGN_IDENTITY[sdk=iphoneos*]" = "iPhone Developer";
				COPY_PHASE_STRIP = NO;
				DEBUG_INFORMATION_FORMAT = "dwarf-with-dsym";
				ENABLE_NS_ASSERTIONS = NO;
				ENABLE_STRICT_OBJC_MSGSEND = YES;
				GCC_C_LANGUAGE_STANDARD = gnu99;
				GCC_NO_COMMON_BLOCKS = YES;
				GCC_WARN_64_TO_32_BIT_CONVERSION = YES;
				GCC_WARN_ABOUT_RETURN_TYPE = YES_ERROR;
				GCC_WARN_UNDECLARED_SELECTOR = YES;
				GCC_WARN_UNINITIALIZED_AUTOS = YES_AGGRESSIVE;
				GCC_WARN_UNUSED_FUNCTION = YES;
				GCC_WARN_UNUSED_VARIABLE = YES;
				IPHONEOS_DEPLOYMENT_TARGET = 9.1;
				MTL_ENABLE_DEBUG_INFO = NO;
				SDKROOT = iphoneos;
				VALIDATE_PRODUCT = YES;
			};
			name = Release;
		};
		9B05AADF1C0FFC49002345A0 /* Debug */ = {
			isa = XCBuildConfiguration;
			buildSettings = {
				ASSETCATALOG_COMPILER_APPICON_NAME = AppIcon;
				FRAMEWORK_SEARCH_PATHS = (
					"$(inherited)",
					"$(PROJECT_DIR)/parse-library-1.10.0",
				);
				INFOPLIST_FILE = "On The Map/Info.plist";
				LD_RUNPATH_SEARCH_PATHS = "$(inherited) @executable_path/Frameworks";
				PRODUCT_BUNDLE_IDENTIFIER = "com.rohit.gupta.On-The-Map";
				PRODUCT_NAME = "$(TARGET_NAME)";
			};
			name = Debug;
		};
		9B05AAE01C0FFC49002345A0 /* Release */ = {
			isa = XCBuildConfiguration;
			buildSettings = {
				ASSETCATALOG_COMPILER_APPICON_NAME = AppIcon;
				FRAMEWORK_SEARCH_PATHS = (
					"$(inherited)",
					"$(PROJECT_DIR)/parse-library-1.10.0",
				);
				INFOPLIST_FILE = "On The Map/Info.plist";
				LD_RUNPATH_SEARCH_PATHS = "$(inherited) @executable_path/Frameworks";
				PRODUCT_BUNDLE_IDENTIFIER = "com.rohit.gupta.On-The-Map";
				PRODUCT_NAME = "$(TARGET_NAME)";
			};
			name = Release;
		};
/* End XCBuildConfiguration section */

/* Begin XCConfigurationList section */
		9B05AAC71C0FFC48002345A0 /* Build configuration list for PBXProject "On The Map" */ = {
			isa = XCConfigurationList;
			buildConfigurations = (
				9B05AADC1C0FFC49002345A0 /* Debug */,
				9B05AADD1C0FFC49002345A0 /* Release */,
			);
			defaultConfigurationIsVisible = 0;
			defaultConfigurationName = Release;
		};
		9B05AADE1C0FFC49002345A0 /* Build configuration list for PBXNativeTarget "On The Map" */ = {
			isa = XCConfigurationList;
			buildConfigurations = (
				9B05AADF1C0FFC49002345A0 /* Debug */,
				9B05AAE01C0FFC49002345A0 /* Release */,
			);
			defaultConfigurationIsVisible = 0;
			defaultConfigurationName = Release;
		};
/* End XCConfigurationList section */
	};
	rootObject = 9B05AAC41C0FFC48002345A0 /* Project object */;
}
